
Microsoft Visual Studio Solution File, Format Version 12.00
# Visual Studio Version 17
VisualStudioVersion = 17.4.33122.133
MinimumVisualStudioVersion = 10.0.40219.1
Project("{9A19103F-16F7-4668-BE54-9A1E7A4F7556}") = "Mastering CSharp.NET", "Mastering CSharp.NET\Mastering CSharp.NET.csproj", "{DDD480E3-A968-4A8B-AD17-CBC423B9E778}"
EndProject
Global
	GlobalSection(SolutionConfigurationPlatforms) = preSolution
		Debug|Any CPU = Debug|Any CPU
		Release|Any CPU = Release|Any CPU
	EndGlobalSection
	GlobalSection(ProjectConfigurationPlatforms) = postSolution
		{DDD480E3-A968-4A8B-AD17-CBC423B9E778}.Debug|Any CPU.ActiveCfg = Debug|Any CPU
		{DDD480E3-A968-4A8B-AD17-CBC423B9E778}.Debug|Any CPU.Build.0 = Debug|Any CPU
		{DDD480E3-A968-4A8B-AD17-CBC423B9E778}.Release|Any CPU.ActiveCfg = Release|Any CPU
		{DDD480E3-A968-4A8B-AD17-CBC423B9E778}.Release|Any CPU.Build.0 = Release|Any CPU
	EndGlobalSection
	GlobalSection(SolutionProperties) = preSolution
		HideSolutionNode = FALSE
	EndGlobalSection
	GlobalSection(ExtensibilityGlobals) = postSolution
		SolutionGuid = {B6AE85F0-B13E-403F-9936-E43AFE78F7EE}
	EndGlobalSection
EndGlobal
